// !$*UTF8*$!
{
	archiveVersion = 1;
	classes = {
	};
	objectVersion = 46;
	objects = {

/* Begin PBXBuildFile section */
		33A2FE2A6F782036A4C7D960 /* Pods_AIDJ.framework in Frameworks */ = {isa = PBXBuildFile; fileRef = 00521378025F8DE158C86743 /* Pods_AIDJ.framework */; };
		90069F1A377ADC6A677ACA5E /* Pods_AIDJTests.framework in Frameworks */ = {isa = PBXBuildFile; fileRef = 48004D18E9558AE81F586FC5 /* Pods_AIDJTests.framework */; };
		AB098BC91E70066A00A6CABF /* R.generated.swift in Sources */ = {isa = PBXBuildFile; fileRef = AB098BC81E70066A00A6CABF /* R.generated.swift */; };
		AB098BCB1E70097900A6CABF /* NavigationBar.swift in Sources */ = {isa = PBXBuildFile; fileRef = AB098BCA1E70097900A6CABF /* NavigationBar.swift */; };
		AB0DBBF61E642C1D0018BCCD /* SongCell.swift in Sources */ = {isa = PBXBuildFile; fileRef = AB0DBBF51E642C1D0018BCCD /* SongCell.swift */; };
		AB3F0FB91E8A3DFA00C75DD6 /* YoutubePlayerManager.swift in Sources */ = {isa = PBXBuildFile; fileRef = AB3F0FB81E8A3DFA00C75DD6 /* YoutubePlayerManager.swift */; };
		AB456D611E9745A600880554 /* MYAudioTapProcessor.m in Sources */ = {isa = PBXBuildFile; fileRef = AB456D601E9745A600880554 /* MYAudioTapProcessor.m */; };
		ABA095481E6013A3006D7C15 /* MediaPlayer.framework in Frameworks */ = {isa = PBXBuildFile; fileRef = ABA095471E6013A3006D7C15 /* MediaPlayer.framework */; };
		ABF7B37F1E5ED34E00C65557 /* AppDelegate.swift in Sources */ = {isa = PBXBuildFile; fileRef = ABF7B37E1E5ED34E00C65557 /* AppDelegate.swift */; };
		ABF7B3811E5ED34E00C65557 /* ViewController.swift in Sources */ = {isa = PBXBuildFile; fileRef = ABF7B3801E5ED34E00C65557 /* ViewController.swift */; };
		ABF7B3841E5ED34E00C65557 /* Main.storyboard in Resources */ = {isa = PBXBuildFile; fileRef = ABF7B3821E5ED34E00C65557 /* Main.storyboard */; };
		ABF7B3861E5ED34E00C65557 /* Assets.xcassets in Resources */ = {isa = PBXBuildFile; fileRef = ABF7B3851E5ED34E00C65557 /* Assets.xcassets */; };
		ABF7B3891E5ED34E00C65557 /* LaunchScreen.storyboard in Resources */ = {isa = PBXBuildFile; fileRef = ABF7B3871E5ED34E00C65557 /* LaunchScreen.storyboard */; };
		ABF7B3941E5ED34F00C65557 /* AIDJTests.swift in Sources */ = {isa = PBXBuildFile; fileRef = ABF7B3931E5ED34F00C65557 /* AIDJTests.swift */; };
		ABF7B39F1E5ED34F00C65557 /* AIDJUITests.swift in Sources */ = {isa = PBXBuildFile; fileRef = ABF7B39E1E5ED34F00C65557 /* AIDJUITests.swift */; };
		ABF99ECF1E72AB7000DD270E /* UIColor+extensions.swift in Sources */ = {isa = PBXBuildFile; fileRef = ABF99ECE1E72AB7000DD270E /* UIColor+extensions.swift */; };
		DE9C48DC7DA832C4D160E252 /* Pods_AIDJUITests.framework in Frameworks */ = {isa = PBXBuildFile; fileRef = 0371EDA479F7CA40BE600362 /* Pods_AIDJUITests.framework */; };
/* End PBXBuildFile section */

/* Begin PBXContainerItemProxy section */
		ABF7B3901E5ED34E00C65557 /* PBXContainerItemProxy */ = {
			isa = PBXContainerItemProxy;
			containerPortal = ABF7B3731E5ED34E00C65557 /* Project object */;
			proxyType = 1;
			remoteGlobalIDString = ABF7B37A1E5ED34E00C65557;
			remoteInfo = AIDJ;
		};
		ABF7B39B1E5ED34F00C65557 /* PBXContainerItemProxy */ = {
			isa = PBXContainerItemProxy;
			containerPortal = ABF7B3731E5ED34E00C65557 /* Project object */;
			proxyType = 1;
			remoteGlobalIDString = ABF7B37A1E5ED34E00C65557;
			remoteInfo = AIDJ;
		};
/* End PBXContainerItemProxy section */

/* Begin PBXCopyFilesBuildPhase section */
		ABB922021E63D82C00A79A65 /* Embed Frameworks */ = {
			isa = PBXCopyFilesBuildPhase;
			buildActionMask = 2147483647;
			dstPath = "";
			dstSubfolderSpec = 10;
			files = (
			);
			name = "Embed Frameworks";
			runOnlyForDeploymentPostprocessing = 0;
		};
/* End PBXCopyFilesBuildPhase section */

/* Begin PBXFileReference section */
		00521378025F8DE158C86743 /* Pods_AIDJ.framework */ = {isa = PBXFileReference; explicitFileType = wrapper.framework; includeInIndex = 0; path = Pods_AIDJ.framework; sourceTree = BUILT_PRODUCTS_DIR; };
		0371EDA479F7CA40BE600362 /* Pods_AIDJUITests.framework */ = {isa = PBXFileReference; explicitFileType = wrapper.framework; includeInIndex = 0; path = Pods_AIDJUITests.framework; sourceTree = BUILT_PRODUCTS_DIR; };
		4095A221BA23812BD8C57B12 /* Pods-AIDJUITests.release.xcconfig */ = {isa = PBXFileReference; includeInIndex = 1; lastKnownFileType = text.xcconfig; name = "Pods-AIDJUITests.release.xcconfig"; path = "Pods/Target Support Files/Pods-AIDJUITests/Pods-AIDJUITests.release.xcconfig"; sourceTree = "<group>"; };
		48004D18E9558AE81F586FC5 /* Pods_AIDJTests.framework */ = {isa = PBXFileReference; explicitFileType = wrapper.framework; includeInIndex = 0; path = Pods_AIDJTests.framework; sourceTree = BUILT_PRODUCTS_DIR; };
		4956A2ADF45EC5984FDA7C2E /* Pods-AIDJUITests.debug.xcconfig */ = {isa = PBXFileReference; includeInIndex = 1; lastKnownFileType = text.xcconfig; name = "Pods-AIDJUITests.debug.xcconfig"; path = "Pods/Target Support Files/Pods-AIDJUITests/Pods-AIDJUITests.debug.xcconfig"; sourceTree = "<group>"; };
		4BCB154513A0B92F5C9600CA /* Pods-AIDJTests.release.xcconfig */ = {isa = PBXFileReference; includeInIndex = 1; lastKnownFileType = text.xcconfig; name = "Pods-AIDJTests.release.xcconfig"; path = "Pods/Target Support Files/Pods-AIDJTests/Pods-AIDJTests.release.xcconfig"; sourceTree = "<group>"; };
		63D0A6AF59F958C0494EF7D1 /* Pods-AIDJ.release.xcconfig */ = {isa = PBXFileReference; includeInIndex = 1; lastKnownFileType = text.xcconfig; name = "Pods-AIDJ.release.xcconfig"; path = "Pods/Target Support Files/Pods-AIDJ/Pods-AIDJ.release.xcconfig"; sourceTree = "<group>"; };
		88AE6933247D59C854DB8BBB /* Pods-AIDJTests.debug.xcconfig */ = {isa = PBXFileReference; includeInIndex = 1; lastKnownFileType = text.xcconfig; name = "Pods-AIDJTests.debug.xcconfig"; path = "Pods/Target Support Files/Pods-AIDJTests/Pods-AIDJTests.debug.xcconfig"; sourceTree = "<group>"; };
		9D11944F95501A69DF1EDD4D /* Pods-AIDJ.debug.xcconfig */ = {isa = PBXFileReference; includeInIndex = 1; lastKnownFileType = text.xcconfig; name = "Pods-AIDJ.debug.xcconfig"; path = "Pods/Target Support Files/Pods-AIDJ/Pods-AIDJ.debug.xcconfig"; sourceTree = "<group>"; };
		AB098BC81E70066A00A6CABF /* R.generated.swift */ = {isa = PBXFileReference; fileEncoding = 4; lastKnownFileType = sourcecode.swift; path = R.generated.swift; sourceTree = "<group>"; };
		AB098BCA1E70097900A6CABF /* NavigationBar.swift */ = {isa = PBXFileReference; fileEncoding = 4; lastKnownFileType = sourcecode.swift; path = NavigationBar.swift; sourceTree = "<group>"; };
		AB0DBBF51E642C1D0018BCCD /* SongCell.swift */ = {isa = PBXFileReference; fileEncoding = 4; lastKnownFileType = sourcecode.swift; path = SongCell.swift; sourceTree = "<group>"; };
		AB3F0FB81E8A3DFA00C75DD6 /* YoutubePlayerManager.swift */ = {isa = PBXFileReference; fileEncoding = 4; lastKnownFileType = sourcecode.swift; path = YoutubePlayerManager.swift; sourceTree = "<group>"; };
		AB456D5C1E97450300880554 /* AIDJ-Bridging-Header.h */ = {isa = PBXFileReference; lastKnownFileType = sourcecode.c.h; path = "AIDJ-Bridging-Header.h"; sourceTree = "<group>"; };
		AB456D5E1E97450400880554 /* MYAudioTapProcessor.h */ = {isa = PBXFileReference; fileEncoding = 4; lastKnownFileType = sourcecode.c.h; path = MYAudioTapProcessor.h; sourceTree = "<group>"; };
		AB456D601E9745A600880554 /* MYAudioTapProcessor.m */ = {isa = PBXFileReference; fileEncoding = 4; lastKnownFileType = sourcecode.c.objc; path = MYAudioTapProcessor.m; sourceTree = "<group>"; };
		ABA095471E6013A3006D7C15 /* MediaPlayer.framework */ = {isa = PBXFileReference; lastKnownFileType = wrapper.framework; name = MediaPlayer.framework; path = System/Library/Frameworks/MediaPlayer.framework; sourceTree = SDKROOT; };
		ABF7B37B1E5ED34E00C65557 /* AIDJ.app */ = {isa = PBXFileReference; explicitFileType = wrapper.application; includeInIndex = 0; path = AIDJ.app; sourceTree = BUILT_PRODUCTS_DIR; };
		ABF7B37E1E5ED34E00C65557 /* AppDelegate.swift */ = {isa = PBXFileReference; lastKnownFileType = sourcecode.swift; path = AppDelegate.swift; sourceTree = "<group>"; };
		ABF7B3801E5ED34E00C65557 /* ViewController.swift */ = {isa = PBXFileReference; lastKnownFileType = sourcecode.swift; path = ViewController.swift; sourceTree = "<group>"; };
		ABF7B3831E5ED34E00C65557 /* Base */ = {isa = PBXFileReference; lastKnownFileType = file.storyboard; name = Base; path = Base.lproj/Main.storyboard; sourceTree = "<group>"; };
		ABF7B3851E5ED34E00C65557 /* Assets.xcassets */ = {isa = PBXFileReference; lastKnownFileType = folder.assetcatalog; path = Assets.xcassets; sourceTree = "<group>"; };
		ABF7B3881E5ED34E00C65557 /* Base */ = {isa = PBXFileReference; lastKnownFileType = file.storyboard; name = Base; path = Base.lproj/LaunchScreen.storyboard; sourceTree = "<group>"; };
		ABF7B38A1E5ED34E00C65557 /* Info.plist */ = {isa = PBXFileReference; lastKnownFileType = text.plist.xml; path = Info.plist; sourceTree = "<group>"; };
		ABF7B38F1E5ED34E00C65557 /* AIDJTests.xctest */ = {isa = PBXFileReference; explicitFileType = wrapper.cfbundle; includeInIndex = 0; path = AIDJTests.xctest; sourceTree = BUILT_PRODUCTS_DIR; };
		ABF7B3931E5ED34F00C65557 /* AIDJTests.swift */ = {isa = PBXFileReference; lastKnownFileType = sourcecode.swift; path = AIDJTests.swift; sourceTree = "<group>"; };
		ABF7B3951E5ED34F00C65557 /* Info.plist */ = {isa = PBXFileReference; lastKnownFileType = text.plist.xml; path = Info.plist; sourceTree = "<group>"; };
		ABF7B39A1E5ED34F00C65557 /* AIDJUITests.xctest */ = {isa = PBXFileReference; explicitFileType = wrapper.cfbundle; includeInIndex = 0; path = AIDJUITests.xctest; sourceTree = BUILT_PRODUCTS_DIR; };
		ABF7B39E1E5ED34F00C65557 /* AIDJUITests.swift */ = {isa = PBXFileReference; lastKnownFileType = sourcecode.swift; path = AIDJUITests.swift; sourceTree = "<group>"; };
		ABF7B3A01E5ED34F00C65557 /* Info.plist */ = {isa = PBXFileReference; lastKnownFileType = text.plist.xml; path = Info.plist; sourceTree = "<group>"; };
		ABF99ECE1E72AB7000DD270E /* UIColor+extensions.swift */ = {isa = PBXFileReference; fileEncoding = 4; lastKnownFileType = sourcecode.swift; path = "UIColor+extensions.swift"; sourceTree = "<group>"; };
/* End PBXFileReference section */

/* Begin PBXFrameworksBuildPhase section */
		ABF7B3781E5ED34E00C65557 /* Frameworks */ = {
			isa = PBXFrameworksBuildPhase;
			buildActionMask = 2147483647;
			files = (
				ABA095481E6013A3006D7C15 /* MediaPlayer.framework in Frameworks */,
				33A2FE2A6F782036A4C7D960 /* Pods_AIDJ.framework in Frameworks */,
			);
			runOnlyForDeploymentPostprocessing = 0;
		};
		ABF7B38C1E5ED34E00C65557 /* Frameworks */ = {
			isa = PBXFrameworksBuildPhase;
			buildActionMask = 2147483647;
			files = (
				90069F1A377ADC6A677ACA5E /* Pods_AIDJTests.framework in Frameworks */,
			);
			runOnlyForDeploymentPostprocessing = 0;
		};
		ABF7B3971E5ED34F00C65557 /* Frameworks */ = {
			isa = PBXFrameworksBuildPhase;
			buildActionMask = 2147483647;
			files = (
				DE9C48DC7DA832C4D160E252 /* Pods_AIDJUITests.framework in Frameworks */,
			);
			runOnlyForDeploymentPostprocessing = 0;
		};
/* End PBXFrameworksBuildPhase section */

/* Begin PBXGroup section */
		74D5CA0E266F87304DEB0ADF /* Pods */ = {
			isa = PBXGroup;
			children = (
				9D11944F95501A69DF1EDD4D /* Pods-AIDJ.debug.xcconfig */,
				63D0A6AF59F958C0494EF7D1 /* Pods-AIDJ.release.xcconfig */,
				88AE6933247D59C854DB8BBB /* Pods-AIDJTests.debug.xcconfig */,
				4BCB154513A0B92F5C9600CA /* Pods-AIDJTests.release.xcconfig */,
				4956A2ADF45EC5984FDA7C2E /* Pods-AIDJUITests.debug.xcconfig */,
				4095A221BA23812BD8C57B12 /* Pods-AIDJUITests.release.xcconfig */,
			);
			name = Pods;
			sourceTree = "<group>";
		};
		AB456D5A1E97449C00880554 /* AudioTap */ = {
			isa = PBXGroup;
			children = (
				AB456D5C1E97450300880554 /* AIDJ-Bridging-Header.h */,
				AB456D5E1E97450400880554 /* MYAudioTapProcessor.h */,
				AB456D601E9745A600880554 /* MYAudioTapProcessor.m */,
			);
			path = AudioTap;
			sourceTree = "<group>";
		};
		ABA095461E6013A3006D7C15 /* Frameworks */ = {
			isa = PBXGroup;
			children = (
				ABA095471E6013A3006D7C15 /* MediaPlayer.framework */,
				00521378025F8DE158C86743 /* Pods_AIDJ.framework */,
				48004D18E9558AE81F586FC5 /* Pods_AIDJTests.framework */,
				0371EDA479F7CA40BE600362 /* Pods_AIDJUITests.framework */,
			);
			name = Frameworks;
			sourceTree = "<group>";
		};
		ABF3DB4F1EC936A700ED3D23 /* Views */ = {
			isa = PBXGroup;
			children = (
				AB098BCA1E70097900A6CABF /* NavigationBar.swift */,
				AB0DBBF51E642C1D0018BCCD /* SongCell.swift */,
				ABF7B3801E5ED34E00C65557 /* ViewController.swift */,
			);
			name = Views;
			path = Views;
			sourceTree = "<group>";
		};
		ABF3DB501EC936D100ED3D23 /* Models */ = {
			isa = PBXGroup;
			children = (
			);
			name = Models;
			path = Models;
			sourceTree = "<group>";
		};
		ABF3DB511EC936EA00ED3D23 /* Controller */ = {
			isa = PBXGroup;
			children = (
				AB3F0FB81E8A3DFA00C75DD6 /* YoutubePlayerManager.swift */,
			);
			name = Controller;
			path = Controller;
			sourceTree = "<group>";
		};
		ABF7B3721E5ED34E00C65557 = {
			isa = PBXGroup;
			children = (
				ABF7B37D1E5ED34E00C65557 /* AIDJ */,
				ABF7B3921E5ED34E00C65557 /* AIDJTests */,
				ABF7B39D1E5ED34F00C65557 /* AIDJUITests */,
				ABA095461E6013A3006D7C15 /* Frameworks */,
				74D5CA0E266F87304DEB0ADF /* Pods */,
				ABF7B37C1E5ED34E00C65557 /* Products */,
				AB098BC81E70066A00A6CABF /* R.generated.swift */,
			);
			sourceTree = "<group>";
		};
		ABF7B37C1E5ED34E00C65557 /* Products */ = {
			isa = PBXGroup;
			children = (
				ABF7B37B1E5ED34E00C65557 /* AIDJ.app */,
				ABF7B38F1E5ED34E00C65557 /* AIDJTests.xctest */,
				ABF7B39A1E5ED34F00C65557 /* AIDJUITests.xctest */,
			);
			name = Products;
			sourceTree = "<group>";
		};
		ABF7B37D1E5ED34E00C65557 /* AIDJ */ = {
			isa = PBXGroup;
			children = (
				AB456D5A1E97449C00880554 /* AudioTap */,
				ABF3DB511EC936EA00ED3D23 /* Controller */,
				ABF3DB501EC936D100ED3D23 /* Models */,
				ABF3DB4F1EC936A700ED3D23 /* Views */,
				ABF7B37E1E5ED34E00C65557 /* AppDelegate.swift */,
				ABF7B3851E5ED34E00C65557 /* Assets.xcassets */,
				ABF7B38A1E5ED34E00C65557 /* Info.plist */,
				ABF7B3871E5ED34E00C65557 /* LaunchScreen.storyboard */,
				ABF7B3821E5ED34E00C65557 /* Main.storyboard */,
				ABF99ECE1E72AB7000DD270E /* UIColor+extensions.swift */,
			);
			path = AIDJ;
			sourceTree = "<group>";
		};
		ABF7B3921E5ED34E00C65557 /* AIDJTests */ = {
			isa = PBXGroup;
			children = (
				ABF7B3931E5ED34F00C65557 /* AIDJTests.swift */,
				ABF7B3951E5ED34F00C65557 /* Info.plist */,
			);
			path = AIDJTests;
			sourceTree = "<group>";
		};
		ABF7B39D1E5ED34F00C65557 /* AIDJUITests */ = {
			isa = PBXGroup;
			children = (
				ABF7B39E1E5ED34F00C65557 /* AIDJUITests.swift */,
				ABF7B3A01E5ED34F00C65557 /* Info.plist */,
			);
			path = AIDJUITests;
			sourceTree = "<group>";
		};
/* End PBXGroup section */

/* Begin PBXNativeTarget section */
		ABF7B37A1E5ED34E00C65557 /* AIDJ */ = {
			isa = PBXNativeTarget;
			buildConfigurationList = ABF7B3A31E5ED34F00C65557 /* Build configuration list for PBXNativeTarget "AIDJ" */;
			buildPhases = (
				9510C085C8B83C5FBD6F7D9E /* [CP] Check Pods Manifest.lock */,
				AB098BC71E70053D00A6CABF /* Run Script: R.swift */,
				ABF7B3771E5ED34E00C65557 /* Sources */,
				ABF7B3781E5ED34E00C65557 /* Frameworks */,
				ABF7B3791E5ED34E00C65557 /* Resources */,
				ABB922021E63D82C00A79A65 /* Embed Frameworks */,
				09F7F7CA361AF25E6C579632 /* [CP] Embed Pods Frameworks */,
				444B1013E888A7D1CA75ADF1 /* [CP] Copy Pods Resources */,
				AB7B2B911E66A2910000329A /* Run Script: GoogleService-Info.plist cp */,
			);
			buildRules = (
			);
			dependencies = (
			);
			name = AIDJ;
			productName = AIDJ;
			productReference = ABF7B37B1E5ED34E00C65557 /* AIDJ.app */;
			productType = "com.apple.product-type.application";
		};
		ABF7B38E1E5ED34E00C65557 /* AIDJTests */ = {
			isa = PBXNativeTarget;
			buildConfigurationList = ABF7B3A61E5ED34F00C65557 /* Build configuration list for PBXNativeTarget "AIDJTests" */;
			buildPhases = (
				E46ED29B33D6C98B3D9A0857 /* [CP] Check Pods Manifest.lock */,
				ABF7B38B1E5ED34E00C65557 /* Sources */,
				ABF7B38C1E5ED34E00C65557 /* Frameworks */,
				ABF7B38D1E5ED34E00C65557 /* Resources */,
				7B6FEA54056F2F54B179F6AD /* [CP] Embed Pods Frameworks */,
				DCCAE032ECE419299B62DAF7 /* [CP] Copy Pods Resources */,
			);
			buildRules = (
			);
			dependencies = (
				ABF7B3911E5ED34E00C65557 /* PBXTargetDependency */,
			);
			name = AIDJTests;
			productName = AIDJTests;
			productReference = ABF7B38F1E5ED34E00C65557 /* AIDJTests.xctest */;
			productType = "com.apple.product-type.bundle.unit-test";
		};
		ABF7B3991E5ED34F00C65557 /* AIDJUITests */ = {
			isa = PBXNativeTarget;
			buildConfigurationList = ABF7B3A91E5ED34F00C65557 /* Build configuration list for PBXNativeTarget "AIDJUITests" */;
			buildPhases = (
				C403BC999C2920EF76924766 /* [CP] Check Pods Manifest.lock */,
				ABF7B3961E5ED34F00C65557 /* Sources */,
				ABF7B3971E5ED34F00C65557 /* Frameworks */,
				ABF7B3981E5ED34F00C65557 /* Resources */,
				053F79247A130541A732C234 /* [CP] Embed Pods Frameworks */,
				C3B73949B93CF00C33D6078B /* [CP] Copy Pods Resources */,
			);
			buildRules = (
			);
			dependencies = (
				ABF7B39C1E5ED34F00C65557 /* PBXTargetDependency */,
			);
			name = AIDJUITests;
			productName = AIDJUITests;
			productReference = ABF7B39A1E5ED34F00C65557 /* AIDJUITests.xctest */;
			productType = "com.apple.product-type.bundle.ui-testing";
		};
/* End PBXNativeTarget section */

/* Begin PBXProject section */
		ABF7B3731E5ED34E00C65557 /* Project object */ = {
			isa = PBXProject;
			attributes = {
				LastSwiftUpdateCheck = 0800;
				LastUpgradeCheck = 0820;
				ORGANIZATIONNAME = "another sensy";
				TargetAttributes = {
					ABF7B37A1E5ED34E00C65557 = {
						CreatedOnToolsVersion = 8.0;
						DevelopmentTeam = 58USB462J9;
						LastSwiftMigration = 0830;
						ProvisioningStyle = Automatic;
						SystemCapabilities = {
							com.apple.BackgroundModes = {
								enabled = 1;
							};
						};
					};
					ABF7B38E1E5ED34E00C65557 = {
						CreatedOnToolsVersion = 8.0;
						DevelopmentTeam = 58USB462J9;
						ProvisioningStyle = Automatic;
						TestTargetID = ABF7B37A1E5ED34E00C65557;
					};
					ABF7B3991E5ED34F00C65557 = {
						CreatedOnToolsVersion = 8.0;
						DevelopmentTeam = 58USB462J9;
						ProvisioningStyle = Automatic;
						TestTargetID = ABF7B37A1E5ED34E00C65557;
					};
				};
			};
			buildConfigurationList = ABF7B3761E5ED34E00C65557 /* Build configuration list for PBXProject "AIDJ" */;
			compatibilityVersion = "Xcode 3.2";
			developmentRegion = English;
			hasScannedForEncodings = 0;
			knownRegions = (
				en,
				Base,
			);
			mainGroup = ABF7B3721E5ED34E00C65557;
			productRefGroup = ABF7B37C1E5ED34E00C65557 /* Products */;
			projectDirPath = "";
			projectRoot = "";
			targets = (
				ABF7B37A1E5ED34E00C65557 /* AIDJ */,
				ABF7B38E1E5ED34E00C65557 /* AIDJTests */,
				ABF7B3991E5ED34F00C65557 /* AIDJUITests */,
			);
		};
/* End PBXProject section */

/* Begin PBXResourcesBuildPhase section */
		ABF7B3791E5ED34E00C65557 /* Resources */ = {
			isa = PBXResourcesBuildPhase;
			buildActionMask = 2147483647;
			files = (
				ABF7B3891E5ED34E00C65557 /* LaunchScreen.storyboard in Resources */,
				ABF7B3861E5ED34E00C65557 /* Assets.xcassets in Resources */,
				ABF7B3841E5ED34E00C65557 /* Main.storyboard in Resources */,
			);
			runOnlyForDeploymentPostprocessing = 0;
		};
		ABF7B38D1E5ED34E00C65557 /* Resources */ = {
			isa = PBXResourcesBuildPhase;
			buildActionMask = 2147483647;
			files = (
			);
			runOnlyForDeploymentPostprocessing = 0;
		};
		ABF7B3981E5ED34F00C65557 /* Resources */ = {
			isa = PBXResourcesBuildPhase;
			buildActionMask = 2147483647;
			files = (
			);
			runOnlyForDeploymentPostprocessing = 0;
		};
/* End PBXResourcesBuildPhase section */

/* Begin PBXShellScriptBuildPhase section */
		053F79247A130541A732C234 /* [CP] Embed Pods Frameworks */ = {
			isa = PBXShellScriptBuildPhase;
			buildActionMask = 2147483647;
			files = (
			);
			inputPaths = (
			);
			name = "[CP] Embed Pods Frameworks";
			outputPaths = (
			);
			runOnlyForDeploymentPostprocessing = 0;
			shellPath = /bin/sh;
			shellScript = "\"${SRCROOT}/Pods/Target Support Files/Pods-AIDJUITests/Pods-AIDJUITests-frameworks.sh\"\n";
			showEnvVarsInLog = 0;
		};
		09F7F7CA361AF25E6C579632 /* [CP] Embed Pods Frameworks */ = {
			isa = PBXShellScriptBuildPhase;
			buildActionMask = 2147483647;
			files = (
			);
			inputPaths = (
			);
			name = "[CP] Embed Pods Frameworks";
			outputPaths = (
			);
			runOnlyForDeploymentPostprocessing = 0;
			shellPath = /bin/sh;
			shellScript = "\"${SRCROOT}/Pods/Target Support Files/Pods-AIDJ/Pods-AIDJ-frameworks.sh\"\n";
			showEnvVarsInLog = 0;
		};
		444B1013E888A7D1CA75ADF1 /* [CP] Copy Pods Resources */ = {
			isa = PBXShellScriptBuildPhase;
			buildActionMask = 2147483647;
			files = (
			);
			inputPaths = (
			);
			name = "[CP] Copy Pods Resources";
			outputPaths = (
			);
			runOnlyForDeploymentPostprocessing = 0;
			shellPath = /bin/sh;
			shellScript = "\"${SRCROOT}/Pods/Target Support Files/Pods-AIDJ/Pods-AIDJ-resources.sh\"\n";
			showEnvVarsInLog = 0;
		};
		7B6FEA54056F2F54B179F6AD /* [CP] Embed Pods Frameworks */ = {
			isa = PBXShellScriptBuildPhase;
			buildActionMask = 2147483647;
			files = (
			);
			inputPaths = (
			);
			name = "[CP] Embed Pods Frameworks";
			outputPaths = (
			);
			runOnlyForDeploymentPostprocessing = 0;
			shellPath = /bin/sh;
			shellScript = "\"${SRCROOT}/Pods/Target Support Files/Pods-AIDJTests/Pods-AIDJTests-frameworks.sh\"\n";
			showEnvVarsInLog = 0;
		};
		9510C085C8B83C5FBD6F7D9E /* [CP] Check Pods Manifest.lock */ = {
			isa = PBXShellScriptBuildPhase;
			buildActionMask = 2147483647;
			files = (
			);
			inputPaths = (
			);
			name = "[CP] Check Pods Manifest.lock";
			outputPaths = (
			);
			runOnlyForDeploymentPostprocessing = 0;
			shellPath = /bin/sh;
			shellScript = "diff \"${PODS_ROOT}/../Podfile.lock\" \"${PODS_ROOT}/Manifest.lock\" > /dev/null\nif [ $? != 0 ] ; then\n    # print error to STDERR\n    echo \"error: The sandbox is not in sync with the Podfile.lock. Run 'pod install' or update your CocoaPods installation.\" >&2\n    exit 1\nfi\n";
			showEnvVarsInLog = 0;
		};
		AB098BC71E70053D00A6CABF /* Run Script: R.swift */ = {
			isa = PBXShellScriptBuildPhase;
			buildActionMask = 2147483647;
			files = (
			);
			inputPaths = (
			);
			name = "Run Script: R.swift";
			outputPaths = (
			);
			runOnlyForDeploymentPostprocessing = 0;
			shellPath = /bin/sh;
			shellScript = "\"$PODS_ROOT/R.swift/rswift\" \"$SRCROOT\"";
		};
		AB7B2B911E66A2910000329A /* Run Script: GoogleService-Info.plist cp */ = {
			isa = PBXShellScriptBuildPhase;
			buildActionMask = 2147483647;
			files = (
			);
			inputPaths = (
			);
			name = "Run Script: GoogleService-Info.plist cp";
			outputPaths = (
			);
			runOnlyForDeploymentPostprocessing = 0;
			shellPath = /bin/sh;
			shellScript = "if [ \"${CONFIGURATION}\" == \"Release\" ]; then\ncp \"${PROJECT_DIR}/${PROJECT_NAME}/Configuration/GoogleService-Info-release.plist\" \"${BUILT_PRODUCTS_DIR}/${PRODUCT_NAME}.app/GoogleService-Info.plist\"\necho \"Production GoogleService-Info copied.\"\nelse\ncp \"${PROJECT_DIR}/${PROJECT_NAME}/Configuration/GoogleService-Info-debug.plist\" \"${BUILT_PRODUCTS_DIR}/${PRODUCT_NAME}.app/GoogleService-Info.plist\"\necho \"Development GoogleService-Info copied.\"\nfi\n";
		};
		C3B73949B93CF00C33D6078B /* [CP] Copy Pods Resources */ = {
			isa = PBXShellScriptBuildPhase;
			buildActionMask = 2147483647;
			files = (
			);
			inputPaths = (
			);
			name = "[CP] Copy Pods Resources";
			outputPaths = (
			);
			runOnlyForDeploymentPostprocessing = 0;
			shellPath = /bin/sh;
			shellScript = "\"${SRCROOT}/Pods/Target Support Files/Pods-AIDJUITests/Pods-AIDJUITests-resources.sh\"\n";
			showEnvVarsInLog = 0;
		};
		C403BC999C2920EF76924766 /* [CP] Check Pods Manifest.lock */ = {
			isa = PBXShellScriptBuildPhase;
			buildActionMask = 2147483647;
			files = (
			);
			inputPaths = (
			);
			name = "[CP] Check Pods Manifest.lock";
			outputPaths = (
			);
			runOnlyForDeploymentPostprocessing = 0;
			shellPath = /bin/sh;
			shellScript = "diff \"${PODS_ROOT}/../Podfile.lock\" \"${PODS_ROOT}/Manifest.lock\" > /dev/null\nif [ $? != 0 ] ; then\n    # print error to STDERR\n    echo \"error: The sandbox is not in sync with the Podfile.lock. Run 'pod install' or update your CocoaPods installation.\" >&2\n    exit 1\nfi\n";
			showEnvVarsInLog = 0;
		};
		DCCAE032ECE419299B62DAF7 /* [CP] Copy Pods Resources */ = {
			isa = PBXShellScriptBuildPhase;
			buildActionMask = 2147483647;
			files = (
			);
			inputPaths = (
			);
			name = "[CP] Copy Pods Resources";
			outputPaths = (
			);
			runOnlyForDeploymentPostprocessing = 0;
			shellPath = /bin/sh;
			shellScript = "\"${SRCROOT}/Pods/Target Support Files/Pods-AIDJTests/Pods-AIDJTests-resources.sh\"\n";
			showEnvVarsInLog = 0;
		};
		E46ED29B33D6C98B3D9A0857 /* [CP] Check Pods Manifest.lock */ = {
			isa = PBXShellScriptBuildPhase;
			buildActionMask = 2147483647;
			files = (
			);
			inputPaths = (
			);
			name = "[CP] Check Pods Manifest.lock";
			outputPaths = (
			);
			runOnlyForDeploymentPostprocessing = 0;
			shellPath = /bin/sh;
			shellScript = "diff \"${PODS_ROOT}/../Podfile.lock\" \"${PODS_ROOT}/Manifest.lock\" > /dev/null\nif [ $? != 0 ] ; then\n    # print error to STDERR\n    echo \"error: The sandbox is not in sync with the Podfile.lock. Run 'pod install' or update your CocoaPods installation.\" >&2\n    exit 1\nfi\n";
			showEnvVarsInLog = 0;
		};
/* End PBXShellScriptBuildPhase section */

/* Begin PBXSourcesBuildPhase section */
		ABF7B3771E5ED34E00C65557 /* Sources */ = {
			isa = PBXSourcesBuildPhase;
			buildActionMask = 2147483647;
			files = (
				AB098BCB1E70097900A6CABF /* NavigationBar.swift in Sources */,
				ABF7B3811E5ED34E00C65557 /* ViewController.swift in Sources */,
				AB0DBBF61E642C1D0018BCCD /* SongCell.swift in Sources */,
				AB3F0FB91E8A3DFA00C75DD6 /* YoutubePlayerManager.swift in Sources */,
				ABF7B37F1E5ED34E00C65557 /* AppDelegate.swift in Sources */,
				AB098BC91E70066A00A6CABF /* R.generated.swift in Sources */,
				ABF99ECF1E72AB7000DD270E /* UIColor+extensions.swift in Sources */,
				AB456D611E9745A600880554 /* MYAudioTapProcessor.m in Sources */,
			);
			runOnlyForDeploymentPostprocessing = 0;
		};
		ABF7B38B1E5ED34E00C65557 /* Sources */ = {
			isa = PBXSourcesBuildPhase;
			buildActionMask = 2147483647;
			files = (
				ABF7B3941E5ED34F00C65557 /* AIDJTests.swift in Sources */,
			);
			runOnlyForDeploymentPostprocessing = 0;
		};
		ABF7B3961E5ED34F00C65557 /* Sources */ = {
			isa = PBXSourcesBuildPhase;
			buildActionMask = 2147483647;
			files = (
				ABF7B39F1E5ED34F00C65557 /* AIDJUITests.swift in Sources */,
			);
			runOnlyForDeploymentPostprocessing = 0;
		};
/* End PBXSourcesBuildPhase section */

/* Begin PBXTargetDependency section */
		ABF7B3911E5ED34E00C65557 /* PBXTargetDependency */ = {
			isa = PBXTargetDependency;
			target = ABF7B37A1E5ED34E00C65557 /* AIDJ */;
			targetProxy = ABF7B3901E5ED34E00C65557 /* PBXContainerItemProxy */;
		};
		ABF7B39C1E5ED34F00C65557 /* PBXTargetDependency */ = {
			isa = PBXTargetDependency;
			target = ABF7B37A1E5ED34E00C65557 /* AIDJ */;
			targetProxy = ABF7B39B1E5ED34F00C65557 /* PBXContainerItemProxy */;
		};
/* End PBXTargetDependency section */

/* Begin PBXVariantGroup section */
		ABF7B3821E5ED34E00C65557 /* Main.storyboard */ = {
			isa = PBXVariantGroup;
			children = (
				ABF7B3831E5ED34E00C65557 /* Base */,
			);
			name = Main.storyboard;
			path = .;
			sourceTree = "<group>";
		};
		ABF7B3871E5ED34E00C65557 /* LaunchScreen.storyboard */ = {
			isa = PBXVariantGroup;
			children = (
				ABF7B3881E5ED34E00C65557 /* Base */,
			);
			name = LaunchScreen.storyboard;
			path = .;
			sourceTree = "<group>";
		};
/* End PBXVariantGroup section */

/* Begin XCBuildConfiguration section */
		ABF7B3A11E5ED34F00C65557 /* Debug */ = {
			isa = XCBuildConfiguration;
			buildSettings = {
				ALWAYS_SEARCH_USER_PATHS = NO;
				CLANG_ANALYZER_NONNULL = YES;
				CLANG_CXX_LANGUAGE_STANDARD = "gnu++0x";
				CLANG_CXX_LIBRARY = "libc++";
				CLANG_ENABLE_MODULES = YES;
				CLANG_ENABLE_OBJC_ARC = YES;
				CLANG_WARN_BOOL_CONVERSION = YES;
				CLANG_WARN_CONSTANT_CONVERSION = YES;
				CLANG_WARN_DIRECT_OBJC_ISA_USAGE = YES_ERROR;
				CLANG_WARN_DOCUMENTATION_COMMENTS = YES;
				CLANG_WARN_EMPTY_BODY = YES;
				CLANG_WARN_ENUM_CONVERSION = YES;
				CLANG_WARN_INFINITE_RECURSION = YES;
				CLANG_WARN_INT_CONVERSION = YES;
				CLANG_WARN_OBJC_ROOT_CLASS = YES_ERROR;
				CLANG_WARN_SUSPICIOUS_MOVE = YES;
				CLANG_WARN_SUSPICIOUS_MOVES = YES;
				CLANG_WARN_UNREACHABLE_CODE = YES;
				CLANG_WARN__DUPLICATE_METHOD_MATCH = YES;
				"CODE_SIGN_IDENTITY[sdk=iphoneos*]" = "iPhone Developer";
				COPY_PHASE_STRIP = NO;
				DEBUG_INFORMATION_FORMAT = dwarf;
				ENABLE_STRICT_OBJC_MSGSEND = YES;
				ENABLE_TESTABILITY = YES;
				GCC_C_LANGUAGE_STANDARD = gnu99;
				GCC_DYNAMIC_NO_PIC = NO;
				GCC_NO_COMMON_BLOCKS = YES;
				GCC_OPTIMIZATION_LEVEL = 0;
				GCC_PREPROCESSOR_DEFINITIONS = (
					"DEBUG=1",
					"$(inherited)",
				);
				GCC_WARN_64_TO_32_BIT_CONVERSION = YES;
				GCC_WARN_ABOUT_RETURN_TYPE = YES_ERROR;
				GCC_WARN_UNDECLARED_SELECTOR = YES;
				GCC_WARN_UNINITIALIZED_AUTOS = YES_AGGRESSIVE;
				GCC_WARN_UNUSED_FUNCTION = YES;
				GCC_WARN_UNUSED_VARIABLE = YES;
				IPHONEOS_DEPLOYMENT_TARGET = 10.0;
				MTL_ENABLE_DEBUG_INFO = YES;
				ONLY_ACTIVE_ARCH = YES;
				OTHER_LDFLAGS = "$OTHER_LDFLAGS";
				SDKROOT = iphoneos;
				SWIFT_ACTIVE_COMPILATION_CONDITIONS = DEBUG;
				SWIFT_INCLUDE_PATHS = "";
				SWIFT_OPTIMIZATION_LEVEL = "-Onone";
			};
			name = Debug;
		};
		ABF7B3A21E5ED34F00C65557 /* Release */ = {
			isa = XCBuildConfiguration;
			buildSettings = {
				ALWAYS_SEARCH_USER_PATHS = NO;
				CLANG_ANALYZER_NONNULL = YES;
				CLANG_CXX_LANGUAGE_STANDARD = "gnu++0x";
				CLANG_CXX_LIBRARY = "libc++";
				CLANG_ENABLE_MODULES = YES;
				CLANG_ENABLE_OBJC_ARC = YES;
				CLANG_WARN_BOOL_CONVERSION = YES;
				CLANG_WARN_CONSTANT_CONVERSION = YES;
				CLANG_WARN_DIRECT_OBJC_ISA_USAGE = YES_ERROR;
				CLANG_WARN_DOCUMENTATION_COMMENTS = YES;
				CLANG_WARN_EMPTY_BODY = YES;
				CLANG_WARN_ENUM_CONVERSION = YES;
				CLANG_WARN_INFINITE_RECURSION = YES;
				CLANG_WARN_INT_CONVERSION = YES;
				CLANG_WARN_OBJC_ROOT_CLASS = YES_ERROR;
				CLANG_WARN_SUSPICIOUS_MOVE = YES;
				CLANG_WARN_SUSPICIOUS_MOVES = YES;
				CLANG_WARN_UNREACHABLE_CODE = YES;
				CLANG_WARN__DUPLICATE_METHOD_MATCH = YES;
				"CODE_SIGN_IDENTITY[sdk=iphoneos*]" = "iPhone Developer";
				COPY_PHASE_STRIP = NO;
				DEBUG_INFORMATION_FORMAT = "dwarf-with-dsym";
				ENABLE_NS_ASSERTIONS = NO;
				ENABLE_STRICT_OBJC_MSGSEND = YES;
				GCC_C_LANGUAGE_STANDARD = gnu99;
				GCC_NO_COMMON_BLOCKS = YES;
				GCC_WARN_64_TO_32_BIT_CONVERSION = YES;
				GCC_WARN_ABOUT_RETURN_TYPE = YES_ERROR;
				GCC_WARN_UNDECLARED_SELECTOR = YES;
				GCC_WARN_UNINITIALIZED_AUTOS = YES_AGGRESSIVE;
				GCC_WARN_UNUSED_FUNCTION = YES;
				GCC_WARN_UNUSED_VARIABLE = YES;
				IPHONEOS_DEPLOYMENT_TARGET = 10.0;
				MTL_ENABLE_DEBUG_INFO = NO;
				OTHER_LDFLAGS = "$OTHER_LDFLAGS";
				SDKROOT = iphoneos;
				SWIFT_INCLUDE_PATHS = "";
				SWIFT_OPTIMIZATION_LEVEL = "-Owholemodule";
				VALIDATE_PRODUCT = YES;
			};
			name = Release;
		};
		ABF7B3A41E5ED34F00C65557 /* Debug */ = {
			isa = XCBuildConfiguration;
			baseConfigurationReference = 9D11944F95501A69DF1EDD4D /* Pods-AIDJ.debug.xcconfig */;
			buildSettings = {
				ASSETCATALOG_COMPILER_APPICON_NAME = AppIcon;
				CLANG_ENABLE_MODULES = YES;
				DEVELOPMENT_TEAM = 58USB462J9;
				FRAMEWORK_SEARCH_PATHS = "$(inherited)";
				INFOPLIST_FILE = AIDJ/Info.plist;
				IPHONEOS_DEPLOYMENT_TARGET = 9.3;
				LD_RUNPATH_SEARCH_PATHS = "$(inherited) @executable_path/Frameworks";
				PRODUCT_BUNDLE_IDENTIFIER = ai.sensy.aidj;
				PRODUCT_NAME = "$(TARGET_NAME)";
				SWIFT_OBJC_BRIDGING_HEADER = "AIDJ/AudioTap/AIDJ-Bridging-Header.h";
				SWIFT_OPTIMIZATION_LEVEL = "-Onone";
				SWIFT_VERSION = 3.0;
			};
			name = Debug;
		};
		ABF7B3A51E5ED34F00C65557 /* Release */ = {
			isa = XCBuildConfiguration;
			baseConfigurationReference = 63D0A6AF59F958C0494EF7D1 /* Pods-AIDJ.release.xcconfig */;
			buildSettings = {
				ASSETCATALOG_COMPILER_APPICON_NAME = AppIcon;
				CLANG_ENABLE_MODULES = YES;
				DEVELOPMENT_TEAM = 58USB462J9;
				FRAMEWORK_SEARCH_PATHS = "$(inherited)";
				INFOPLIST_FILE = AIDJ/Info.plist;
				IPHONEOS_DEPLOYMENT_TARGET = 9.3;
				LD_RUNPATH_SEARCH_PATHS = "$(inherited) @executable_path/Frameworks";
				PRODUCT_BUNDLE_IDENTIFIER = ai.sensy.aidj;
				PRODUCT_NAME = "$(TARGET_NAME)";
				SWIFT_OBJC_BRIDGING_HEADER = "AIDJ/AudioTap/AIDJ-Bridging-Header.h";
				SWIFT_VERSION = 3.0;
			};
			name = Release;
		};
		ABF7B3A71E5ED34F00C65557 /* Debug */ = {
			isa = XCBuildConfiguration;
			baseConfigurationReference = 88AE6933247D59C854DB8BBB /* Pods-AIDJTests.debug.xcconfig */;
			buildSettings = {
				ALWAYS_EMBED_SWIFT_STANDARD_LIBRARIES = YES;
				BUNDLE_LOADER = "$(TEST_HOST)";
				DEVELOPMENT_TEAM = 58USB462J9;
				INFOPLIST_FILE = AIDJTests/Info.plist;
				LD_RUNPATH_SEARCH_PATHS = "$(inherited) @executable_path/Frameworks @loader_path/Frameworks";
				PRODUCT_BUNDLE_IDENTIFIER = ai.sensy.AIDJTests;
				PRODUCT_NAME = "$(TARGET_NAME)";
				SWIFT_VERSION = 3.0;
				TEST_HOST = "$(BUILT_PRODUCTS_DIR)/AIDJ.app/AIDJ";
			};
			name = Debug;
		};
		ABF7B3A81E5ED34F00C65557 /* Release */ = {
			isa = XCBuildConfiguration;
			baseConfigurationReference = 4BCB154513A0B92F5C9600CA /* Pods-AIDJTests.release.xcconfig */;
			buildSettings = {
				ALWAYS_EMBED_SWIFT_STANDARD_LIBRARIES = YES;
				BUNDLE_LOADER = "$(TEST_HOST)";
				DEVELOPMENT_TEAM = 58USB462J9;
				INFOPLIST_FILE = AIDJTests/Info.plist;
				LD_RUNPATH_SEARCH_PATHS = "$(inherited) @executable_path/Frameworks @loader_path/Frameworks";
				PRODUCT_BUNDLE_IDENTIFIER = ai.sensy.AIDJTests;
				PRODUCT_NAME = "$(TARGET_NAME)";
				SWIFT_VERSION = 3.0;
				TEST_HOST = "$(BUILT_PRODUCTS_DIR)/AIDJ.app/AIDJ";
			};
			name = Release;
		};
		ABF7B3AA1E5ED34F00C65557 /* Debug */ = {
			isa = XCBuildConfiguration;
			baseConfigurationReference = 4956A2ADF45EC5984FDA7C2E /* Pods-AIDJUITests.debug.xcconfig */;
			buildSettings = {
				ALWAYS_EMBED_SWIFT_STANDARD_LIBRARIES = YES;
				DEVELOPMENT_TEAM = 58USB462J9;
				INFOPLIST_FILE = AIDJUITests/Info.plist;
				LD_RUNPATH_SEARCH_PATHS = "$(inherited) @executable_path/Frameworks @loader_path/Frameworks";
				PRODUCT_BUNDLE_IDENTIFIER = ai.sensy.AIDJUITests;
				PRODUCT_NAME = "$(TARGET_NAME)";
				SWIFT_VERSION = 3.0;
				TEST_TARGET_NAME = AIDJ;
			};
			name = Debug;
		};
		ABF7B3AB1E5ED34F00C65557 /* Release */ = {
			isa = XCBuildConfiguration;
			baseConfigurationReference = 4095A221BA23812BD8C57B12 /* Pods-AIDJUITests.release.xcconfig */;
			buildSettings = {
				ALWAYS_EMBED_SWIFT_STANDARD_LIBRARIES = YES;
				DEVELOPMENT_TEAM = 58USB462J9;
				INFOPLIST_FILE = AIDJUITests/Info.plist;
				LD_RUNPATH_SEARCH_PATHS = "$(inherited) @executable_path/Frameworks @loader_path/Frameworks";
				PRODUCT_BUNDLE_IDENTIFIER = ai.sensy.AIDJUITests;
				PRODUCT_NAME = "$(TARGET_NAME)";
				SWIFT_VERSION = 3.0;
				TEST_TARGET_NAME = AIDJ;
			};
			name = Release;
		};
/* End XCBuildConfiguration section */

/* Begin XCConfigurationList section */
		ABF7B3761E5ED34E00C65557 /* Build configuration list for PBXProject "AIDJ" */ = {
			isa = XCConfigurationList;
			buildConfigurations = (
				ABF7B3A11E5ED34F00C65557 /* Debug */,
				ABF7B3A21E5ED34F00C65557 /* Release */,
			);
			defaultConfigurationIsVisible = 0;
			defaultConfigurationName = Release;
		};
		ABF7B3A31E5ED34F00C65557 /* Build configuration list for PBXNativeTarget "AIDJ" */ = {
			isa = XCConfigurationList;
			buildConfigurations = (
				ABF7B3A41E5ED34F00C65557 /* Debug */,
				ABF7B3A51E5ED34F00C65557 /* Release */,
			);
			defaultConfigurationIsVisible = 0;
			defaultConfigurationName = Release;
		};
		ABF7B3A61E5ED34F00C65557 /* Build configuration list for PBXNativeTarget "AIDJTests" */ = {
			isa = XCConfigurationList;
			buildConfigurations = (
				ABF7B3A71E5ED34F00C65557 /* Debug */,
				ABF7B3A81E5ED34F00C65557 /* Release */,
			);
			defaultConfigurationIsVisible = 0;
			defaultConfigurationName = Release;
		};
		ABF7B3A91E5ED34F00C65557 /* Build configuration list for PBXNativeTarget "AIDJUITests" */ = {
			isa = XCConfigurationList;
			buildConfigurations = (
				ABF7B3AA1E5ED34F00C65557 /* Debug */,
				ABF7B3AB1E5ED34F00C65557 /* Release */,
			);
			defaultConfigurationIsVisible = 0;
			defaultConfigurationName = Release;
		};
/* End XCConfigurationList section */
	};
	rootObject = ABF7B3731E5ED34E00C65557 /* Project object */;
}
